
Microsoft Visual Studio Solution File, Format Version 12.00
# Visual Studio 2013
VisualStudioVersion = 12.0.20617.1 PREVIEW
MinimumVisualStudioVersion = 10.0.40219.1
Project("{FAE04EC0-301F-11D3-BF4B-00C04F79EFBC}") = "BinaryTree", "BinaryTree\BinaryTree.csproj", "{43619098-0DAE-46E6-B693-B731C9425CBB}"
EndProject
Project("{FAE04EC0-301F-11D3-BF4B-00C04F79EFBC}") = "BinaryTreeTest", "BinaryTreeTest\BinaryTreeTest.csproj", "{16B831E4-883A-49E1-92A0-837BF873E9AB}"
EndProject
Global
	GlobalSection(SolutionConfigurationPlatforms) = preSolution
		Debug|Any CPU = Debug|Any CPU
		Release|Any CPU = Release|Any CPU
	EndGlobalSection
	GlobalSection(ProjectConfigurationPlatforms) = postSolution
		{43619098-0DAE-46E6-B693-B731C9425CBB}.Debug|Any CPU.ActiveCfg = Debug|Any CPU
		{43619098-0DAE-46E6-B693-B731C9425CBB}.Debug|Any CPU.Build.0 = Debug|Any CPU
		{43619098-0DAE-46E6-B693-B731C9425CBB}.Release|Any CPU.ActiveCfg = Release|Any CPU
		{43619098-0DAE-46E6-B693-B731C9425CBB}.Release|Any CPU.Build.0 = Release|Any CPU
		{16B831E4-883A-49E1-92A0-837BF873E9AB}.Debug|Any CPU.ActiveCfg = Debug|Any CPU
		{16B831E4-883A-49E1-92A0-837BF873E9AB}.Debug|Any CPU.Build.0 = Debug|Any CPU
		{16B831E4-883A-49E1-92A0-837BF873E9AB}.Release|Any CPU.ActiveCfg = Release|Any CPU
		{16B831E4-883A-49E1-92A0-837BF873E9AB}.Release|Any CPU.Build.0 = Release|Any CPU
	EndGlobalSection
	GlobalSection(SolutionProperties) = preSolution
		HideSolutionNode = FALSE
	EndGlobalSection
EndGlobal
